{
  "name": "my-blog",
  "version": "1.0.0",
  "lockfileVersion": 1,
  "requires": true,
  "dependencies": {
    "@vuepress/plugin-medium-zoom": {
      "version": "1.4.1",
      "resolved": "https://registry.npm.taobao.org/@vuepress/plugin-medium-zoom/download/@vuepress/plugin-medium-zoom-1.4.1.tgz",
      "integrity": "sha1-VmVWG+M4IkauiDwK132Rx5E+Ado=",
      "dev": true,
      "requires": {
        "medium-zoom": "^1.0.4"
      }
    },
    "medium-zoom": {
      "version": "1.0.5",
      "resolved": "https://registry.npm.taobao.org/medium-zoom/download/medium-zoom-1.0.5.tgz",
      "integrity": "sha1-gUE92iDM3YVxQf9CDPq3iN0y4g4=",
      "dev": true
    },
    "moment": {
      "version": "2.24.0",
      "resolved": "https://registry.npm.taobao.org/moment/download/moment-2.24.0.tgz"
    }
  }
}
